// !$*UTF8*$!
{
	archiveVersion = 1;
	classes = {
	};
	objectVersion = 46;
	objects = {

/* Begin PBXBuildFile section */
		4543C1071F77BC7200C8307B /* main.m in Sources */ = {isa = PBXBuildFile; fileRef = 4543C1061F77BC7200C8307B /* main.m */; };
		4543C10A1F77BC7200C8307B /* AppDelegate.m in Sources */ = {isa = PBXBuildFile; fileRef = 4543C1091F77BC7200C8307B /* AppDelegate.m */; };
		4543C10D1F77BC7200C8307B /* ViewController.m in Sources */ = {isa = PBXBuildFile; fileRef = 4543C10C1F77BC7200C8307B /* ViewController.m */; };
		4543C1101F77BC7200C8307B /* Main.storyboard in Resources */ = {isa = PBXBuildFile; fileRef = 4543C10E1F77BC7200C8307B /* Main.storyboard */; };
		4543C1121F77BC7200C8307B /* Assets.xcassets in Resources */ = {isa = PBXBuildFile; fileRef = 4543C1111F77BC7200C8307B /* Assets.xcassets */; };
		4543C1151F77BC7200C8307B /* LaunchScreen.storyboard in Resources */ = {isa = PBXBuildFile; fileRef = 4543C1131F77BC7200C8307B /* LaunchScreen.storyboard */; };
		4549BEE51F795181008D5635 /* OCTask.m in Sources */ = {isa = PBXBuildFile; fileRef = 4549BEE41F795181008D5635 /* OCTask.m */; };
		455B6BDE1F7D39A800E25620 /* NSString+Extension.m in Sources */ = {isa = PBXBuildFile; fileRef = 4549BEDA1F79404F008D5635 /* NSString+Extension.m */; };
		455B6BDF1F7D39A800E25620 /* OCFileManager.m in Sources */ = {isa = PBXBuildFile; fileRef = 4549BEDC1F79404F008D5635 /* OCFileManager.m */; };
		455B6BE01F7D39A800E25620 /* OCHttpRequest.m in Sources */ = {isa = PBXBuildFile; fileRef = 4549BEDE1F79404F008D5635 /* OCHttpRequest.m */; };
		455B6BE11F7D39A800E25620 /* OCNetworkTask.m in Sources */ = {isa = PBXBuildFile; fileRef = 4549BEE01F79404F008D5635 /* OCNetworkTask.m */; };
		455B6BE21F7D39A800E25620 /* OCRequestSerVice.m in Sources */ = {isa = PBXBuildFile; fileRef = 4549BEE21F79404F008D5635 /* OCRequestSerVice.m */; };
		8F97B04A2876EE5C25719E71 /* libPods-OCNetWork.a in Frameworks */ = {isa = PBXBuildFile; fileRef = 87569C65A4A03663EBCC2787 /* libPods-OCNetWork.a */; };
/* End PBXBuildFile section */

/* Begin PBXFileReference section */
		4543C1021F77BC7200C8307B /* OCNetWork.app */ = {isa = PBXFileReference; explicitFileType = wrapper.application; includeInIndex = 0; path = OCNetWork.app; sourceTree = BUILT_PRODUCTS_DIR; };
		4543C1061F77BC7200C8307B /* main.m */ = {isa = PBXFileReference; lastKnownFileType = sourcecode.c.objc; path = main.m; sourceTree = "<group>"; };
		4543C1081F77BC7200C8307B /* AppDelegate.h */ = {isa = PBXFileReference; lastKnownFileType = sourcecode.c.h; path = AppDelegate.h; sourceTree = "<group>"; };
		4543C1091F77BC7200C8307B /* AppDelegate.m */ = {isa = PBXFileReference; lastKnownFileType = sourcecode.c.objc; path = AppDelegate.m; sourceTree = "<group>"; };
		4543C10B1F77BC7200C8307B /* ViewController.h */ = {isa = PBXFileReference; lastKnownFileType = sourcecode.c.h; path = ViewController.h; sourceTree = "<group>"; };
		4543C10C1F77BC7200C8307B /* ViewController.m */ = {isa = PBXFileReference; lastKnownFileType = sourcecode.c.objc; path = ViewController.m; sourceTree = "<group>"; };
		4543C10F1F77BC7200C8307B /* Base */ = {isa = PBXFileReference; lastKnownFileType = file.storyboard; name = Base; path = Base.lproj/Main.storyboard; sourceTree = "<group>"; };
		4543C1111F77BC7200C8307B /* Assets.xcassets */ = {isa = PBXFileReference; lastKnownFileType = folder.assetcatalog; path = Assets.xcassets; sourceTree = "<group>"; };
		4543C1141F77BC7200C8307B /* Base */ = {isa = PBXFileReference; lastKnownFileType = file.storyboard; name = Base; path = Base.lproj/LaunchScreen.storyboard; sourceTree = "<group>"; };
		4543C1161F77BC7200C8307B /* Info.plist */ = {isa = PBXFileReference; lastKnownFileType = text.plist.xml; path = Info.plist; sourceTree = "<group>"; };
		4549BED91F79404F008D5635 /* NSString+Extension.h */ = {isa = PBXFileReference; lastKnownFileType = sourcecode.c.h; path = "NSString+Extension.h"; sourceTree = "<group>"; };
		4549BEDA1F79404F008D5635 /* NSString+Extension.m */ = {isa = PBXFileReference; lastKnownFileType = sourcecode.c.objc; path = "NSString+Extension.m"; sourceTree = "<group>"; };
		4549BEDB1F79404F008D5635 /* OCFileManager.h */ = {isa = PBXFileReference; lastKnownFileType = sourcecode.c.h; path = OCFileManager.h; sourceTree = "<group>"; };
		4549BEDC1F79404F008D5635 /* OCFileManager.m */ = {isa = PBXFileReference; lastKnownFileType = sourcecode.c.objc; path = OCFileManager.m; sourceTree = "<group>"; };
		4549BEDD1F79404F008D5635 /* OCHttpRequest.h */ = {isa = PBXFileReference; lastKnownFileType = sourcecode.c.h; path = OCHttpRequest.h; sourceTree = "<group>"; };
		4549BEDE1F79404F008D5635 /* OCHttpRequest.m */ = {isa = PBXFileReference; lastKnownFileType = sourcecode.c.objc; path = OCHttpRequest.m; sourceTree = "<group>"; };
		4549BEDF1F79404F008D5635 /* OCNetworkTask.h */ = {isa = PBXFileReference; lastKnownFileType = sourcecode.c.h; path = OCNetworkTask.h; sourceTree = "<group>"; };
		4549BEE01F79404F008D5635 /* OCNetworkTask.m */ = {isa = PBXFileReference; lastKnownFileType = sourcecode.c.objc; path = OCNetworkTask.m; sourceTree = "<group>"; };
		4549BEE11F79404F008D5635 /* OCRequestSerVice.h */ = {isa = PBXFileReference; lastKnownFileType = sourcecode.c.h; path = OCRequestSerVice.h; sourceTree = "<group>"; };
		4549BEE21F79404F008D5635 /* OCRequestSerVice.m */ = {isa = PBXFileReference; lastKnownFileType = sourcecode.c.objc; path = OCRequestSerVice.m; sourceTree = "<group>"; };
		4549BEE31F795181008D5635 /* OCTask.h */ = {isa = PBXFileReference; lastKnownFileType = sourcecode.c.h; path = OCTask.h; sourceTree = "<group>"; };
		4549BEE41F795181008D5635 /* OCTask.m */ = {isa = PBXFileReference; lastKnownFileType = sourcecode.c.objc; path = OCTask.m; sourceTree = "<group>"; };
		6BB9B8DE97CBD83586BB7777 /* Pods-OCNetWork.debug.xcconfig */ = {isa = PBXFileReference; includeInIndex = 1; lastKnownFileType = text.xcconfig; name = "Pods-OCNetWork.debug.xcconfig"; path = "Pods/Target Support Files/Pods-OCNetWork/Pods-OCNetWork.debug.xcconfig"; sourceTree = "<group>"; };
		7FE8271D7E5DAFDAB3341CCD /* Pods-OCNetWork.release.xcconfig */ = {isa = PBXFileReference; includeInIndex = 1; lastKnownFileType = text.xcconfig; name = "Pods-OCNetWork.release.xcconfig"; path = "Pods/Target Support Files/Pods-OCNetWork/Pods-OCNetWork.release.xcconfig"; sourceTree = "<group>"; };
		87569C65A4A03663EBCC2787 /* libPods-OCNetWork.a */ = {isa = PBXFileReference; explicitFileType = archive.ar; includeInIndex = 0; path = "libPods-OCNetWork.a"; sourceTree = BUILT_PRODUCTS_DIR; };
/* End PBXFileReference section */

/* Begin PBXFrameworksBuildPhase section */
		4543C0FF1F77BC7200C8307B /* Frameworks */ = {
			isa = PBXFrameworksBuildPhase;
			buildActionMask = 2147483647;
			files = (
				8F97B04A2876EE5C25719E71 /* libPods-OCNetWork.a in Frameworks */,
			);
			runOnlyForDeploymentPostprocessing = 0;
		};
/* End PBXFrameworksBuildPhase section */

/* Begin PBXGroup section */
		4543C0F91F77BC7200C8307B = {
			isa = PBXGroup;
			children = (
				4543C1041F77BC7200C8307B /* OCNetWork */,
				4543C1031F77BC7200C8307B /* Products */,
				E0A0EB22B9045FBFBCF45C03 /* Pods */,
				DE296806061CDC22CA408069 /* Frameworks */,
			);
			sourceTree = "<group>";
		};
		4543C1031F77BC7200C8307B /* Products */ = {
			isa = PBXGroup;
			children = (
				4543C1021F77BC7200C8307B /* OCNetWork.app */,
			);
			name = Products;
			sourceTree = "<group>";
		};
		4543C1041F77BC7200C8307B /* OCNetWork */ = {
			isa = PBXGroup;
			children = (
				4549BED81F79404F008D5635 /* OCNetWork */,
				4543C1081F77BC7200C8307B /* AppDelegate.h */,
				4543C1091F77BC7200C8307B /* AppDelegate.m */,
				4543C10B1F77BC7200C8307B /* ViewController.h */,
				4543C10C1F77BC7200C8307B /* ViewController.m */,
				4549BEE31F795181008D5635 /* OCTask.h */,
				4549BEE41F795181008D5635 /* OCTask.m */,
				4543C10E1F77BC7200C8307B /* Main.storyboard */,
				4543C1111F77BC7200C8307B /* Assets.xcassets */,
				4543C1131F77BC7200C8307B /* LaunchScreen.storyboard */,
				4543C1161F77BC7200C8307B /* Info.plist */,
				4543C1051F77BC7200C8307B /* Supporting Files */,
			);
			path = OCNetWork;
			sourceTree = "<group>";
		};
		4543C1051F77BC7200C8307B /* Supporting Files */ = {
			isa = PBXGroup;
			children = (
				4543C1061F77BC7200C8307B /* main.m */,
			);
			name = "Supporting Files";
			sourceTree = "<group>";
		};
		4549BED81F79404F008D5635 /* OCNetWork */ = {
			isa = PBXGroup;
			children = (
				4549BED91F79404F008D5635 /* NSString+Extension.h */,
				4549BEDA1F79404F008D5635 /* NSString+Extension.m */,
				4549BEDB1F79404F008D5635 /* OCFileManager.h */,
				4549BEDC1F79404F008D5635 /* OCFileManager.m */,
				4549BEDD1F79404F008D5635 /* OCHttpRequest.h */,
				4549BEDE1F79404F008D5635 /* OCHttpRequest.m */,
				4549BEDF1F79404F008D5635 /* OCNetworkTask.h */,
				4549BEE01F79404F008D5635 /* OCNetworkTask.m */,
				4549BEE11F79404F008D5635 /* OCRequestSerVice.h */,
				4549BEE21F79404F008D5635 /* OCRequestSerVice.m */,
			);
			path = OCNetWork;
			sourceTree = "<group>";
		};
		DE296806061CDC22CA408069 /* Frameworks */ = {
			isa = PBXGroup;
			children = (
				87569C65A4A03663EBCC2787 /* libPods-OCNetWork.a */,
			);
			name = Frameworks;
			sourceTree = "<group>";
		};
		E0A0EB22B9045FBFBCF45C03 /* Pods */ = {
			isa = PBXGroup;
			children = (
				6BB9B8DE97CBD83586BB7777 /* Pods-OCNetWork.debug.xcconfig */,
				7FE8271D7E5DAFDAB3341CCD /* Pods-OCNetWork.release.xcconfig */,
			);
			name = Pods;
			sourceTree = "<group>";
		};
/* End PBXGroup section */

/* Begin PBXNativeTarget section */
		4543C1011F77BC7200C8307B /* OCNetWork */ = {
			isa = PBXNativeTarget;
			buildConfigurationList = 4543C1191F77BC7200C8307B /* Build configuration list for PBXNativeTarget "OCNetWork" */;
			buildPhases = (
				0593A0F573F7F85C92DC8B96 /* [CP] Check Pods Manifest.lock */,
				4543C0FE1F77BC7200C8307B /* Sources */,
				4543C0FF1F77BC7200C8307B /* Frameworks */,
				4543C1001F77BC7200C8307B /* Resources */,
				75303B98F3DADB89858E9179 /* [CP] Embed Pods Frameworks */,
				D60BB02B0E579B9526AA1AC8 /* [CP] Copy Pods Resources */,
			);
			buildRules = (
			);
			dependencies = (
			);
			name = OCNetWork;
			productName = OCNetWork;
			productReference = 4543C1021F77BC7200C8307B /* OCNetWork.app */;
			productType = "com.apple.product-type.application";
		};
/* End PBXNativeTarget section */

/* Begin PBXProject section */
		4543C0FA1F77BC7200C8307B /* Project object */ = {
			isa = PBXProject;
			attributes = {
				LastUpgradeCheck = 0830;
				ORGANIZATIONNAME = "Michael 柏";
				TargetAttributes = {
					4543C1011F77BC7200C8307B = {
						CreatedOnToolsVersion = 8.3.3;
						DevelopmentTeam = N4ZC7WBUL7;
						ProvisioningStyle = Automatic;
					};
				};
			};
			buildConfigurationList = 4543C0FD1F77BC7200C8307B /* Build configuration list for PBXProject "OCNetWork" */;
			compatibilityVersion = "Xcode 3.2";
			developmentRegion = English;
			hasScannedForEncodings = 0;
			knownRegions = (
				en,
				Base,
			);
			mainGroup = 4543C0F91F77BC7200C8307B;
			productRefGroup = 4543C1031F77BC7200C8307B /* Products */;
			projectDirPath = "";
			projectRoot = "";
			targets = (
				4543C1011F77BC7200C8307B /* OCNetWork */,
			);
		};
/* End PBXProject section */

/* Begin PBXResourcesBuildPhase section */
		4543C1001F77BC7200C8307B /* Resources */ = {
			isa = PBXResourcesBuildPhase;
			buildActionMask = 2147483647;
			files = (
				4543C1151F77BC7200C8307B /* LaunchScreen.storyboard in Resources */,
				4543C1121F77BC7200C8307B /* Assets.xcassets in Resources */,
				4543C1101F77BC7200C8307B /* Main.storyboard in Resources */,
			);
			runOnlyForDeploymentPostprocessing = 0;
		};
/* End PBXResourcesBuildPhase section */

/* Begin PBXShellScriptBuildPhase section */
		0593A0F573F7F85C92DC8B96 /* [CP] Check Pods Manifest.lock */ = {
			isa = PBXShellScriptBuildPhase;
			buildActionMask = 2147483647;
			files = (
			);
			inputPaths = (
			);
			name = "[CP] Check Pods Manifest.lock";
			outputPaths = (
			);
			runOnlyForDeploymentPostprocessing = 0;
			shellPath = /bin/sh;
			shellScript = "diff \"${PODS_ROOT}/../Podfile.lock\" \"${PODS_ROOT}/Manifest.lock\" > /dev/null\nif [ $? != 0 ] ; then\n    # print error to STDERR\n    echo \"error: The sandbox is not in sync with the Podfile.lock. Run 'pod install' or update your CocoaPods installation.\" >&2\n    exit 1\nfi\n";
			showEnvVarsInLog = 0;
		};
		75303B98F3DADB89858E9179 /* [CP] Embed Pods Frameworks */ = {
			isa = PBXShellScriptBuildPhase;
			buildActionMask = 2147483647;
			files = (
			);
			inputPaths = (
			);
			name = "[CP] Embed Pods Frameworks";
			outputPaths = (
			);
			runOnlyForDeploymentPostprocessing = 0;
			shellPath = /bin/sh;
			shellScript = "\"${SRCROOT}/Pods/Target Support Files/Pods-OCNetWork/Pods-OCNetWork-frameworks.sh\"\n";
			showEnvVarsInLog = 0;
		};
		D60BB02B0E579B9526AA1AC8 /* [CP] Copy Pods Resources */ = {
			isa = PBXShellScriptBuildPhase;
			buildActionMask = 2147483647;
			files = (
			);
			inputPaths = (
			);
			name = "[CP] Copy Pods Resources";
			outputPaths = (
			);
			runOnlyForDeploymentPostprocessing = 0;
			shellPath = /bin/sh;
			shellScript = "\"${SRCROOT}/Pods/Target Support Files/Pods-OCNetWork/Pods-OCNetWork-resources.sh\"\n";
			showEnvVarsInLog = 0;
		};
/* End PBXShellScriptBuildPhase section */

/* Begin PBXSourcesBuildPhase section */
		4543C0FE1F77BC7200C8307B /* Sources */ = {
			isa = PBXSourcesBuildPhase;
			buildActionMask = 2147483647;
			files = (
				455B6BDE1F7D39A800E25620 /* NSString+Extension.m in Sources */,
				455B6BDF1F7D39A800E25620 /* OCFileManager.m in Sources */,
				455B6BE01F7D39A800E25620 /* OCHttpRequest.m in Sources */,
				455B6BE11F7D39A800E25620 /* OCNetworkTask.m in Sources */,
				455B6BE21F7D39A800E25620 /* OCRequestSerVice.m in Sources */,
				4549BEE51F795181008D5635 /* OCTask.m in Sources */,
				4543C10D1F77BC7200C8307B /* ViewController.m in Sources */,
				4543C10A1F77BC7200C8307B /* AppDelegate.m in Sources */,
				4543C1071F77BC7200C8307B /* main.m in Sources */,
			);
			runOnlyForDeploymentPostprocessing = 0;
		};
/* End PBXSourcesBuildPhase section */

/* Begin PBXVariantGroup section */
		4543C10E1F77BC7200C8307B /* Main.storyboard */ = {
			isa = PBXVariantGroup;
			children = (
				4543C10F1F77BC7200C8307B /* Base */,
			);
			name = Main.storyboard;
			sourceTree = "<group>";
		};
		4543C1131F77BC7200C8307B /* LaunchScreen.storyboard */ = {
			isa = PBXVariantGroup;
			children = (
				4543C1141F77BC7200C8307B /* Base */,
			);
			name = LaunchScreen.storyboard;
			sourceTree = "<group>";
		};
/* End PBXVariantGroup section */

/* Begin XCBuildConfiguration section */
		4543C1171F77BC7200C8307B /* Debug */ = {
			isa = XCBuildConfiguration;
			buildSettings = {
				ALWAYS_SEARCH_USER_PATHS = NO;
				CLANG_ANALYZER_NONNULL = YES;
				CLANG_ANALYZER_NUMBER_OBJECT_CONVERSION = YES_AGGRESSIVE;
				CLANG_CXX_LANGUAGE_STANDARD = "gnu++0x";
				CLANG_CXX_LIBRARY = "libc++";
				CLANG_ENABLE_MODULES = YES;
				CLANG_ENABLE_OBJC_ARC = YES;
				CLANG_WARN_BOOL_CONVERSION = YES;
				CLANG_WARN_CONSTANT_CONVERSION = YES;
				CLANG_WARN_DIRECT_OBJC_ISA_USAGE = YES_ERROR;
				CLANG_WARN_DOCUMENTATION_COMMENTS = YES;
				CLANG_WARN_EMPTY_BODY = YES;
				CLANG_WARN_ENUM_CONVERSION = YES;
				CLANG_WARN_INFINITE_RECURSION = YES;
				CLANG_WARN_INT_CONVERSION = YES;
				CLANG_WARN_OBJC_ROOT_CLASS = YES_ERROR;
				CLANG_WARN_SUSPICIOUS_MOVE = YES;
				CLANG_WARN_UNREACHABLE_CODE = YES;
				CLANG_WARN__DUPLICATE_METHOD_MATCH = YES;
				"CODE_SIGN_IDENTITY[sdk=iphoneos*]" = "iPhone Developer";
				COPY_PHASE_STRIP = NO;
				DEBUG_INFORMATION_FORMAT = dwarf;
				ENABLE_STRICT_OBJC_MSGSEND = YES;
				ENABLE_TESTABILITY = YES;
				GCC_C_LANGUAGE_STANDARD = gnu99;
				GCC_DYNAMIC_NO_PIC = NO;
				GCC_NO_COMMON_BLOCKS = YES;
				GCC_OPTIMIZATION_LEVEL = 0;
				GCC_PREPROCESSOR_DEFINITIONS = (
					"DEBUG=1",
					"$(inherited)",
				);
				GCC_WARN_64_TO_32_BIT_CONVERSION = YES;
				GCC_WARN_ABOUT_RETURN_TYPE = YES_ERROR;
				GCC_WARN_UNDECLARED_SELECTOR = YES;
				GCC_WARN_UNINITIALIZED_AUTOS = YES_AGGRESSIVE;
				GCC_WARN_UNUSED_FUNCTION = YES;
				GCC_WARN_UNUSED_VARIABLE = YES;
				IPHONEOS_DEPLOYMENT_TARGET = 10.3;
				MTL_ENABLE_DEBUG_INFO = YES;
				ONLY_ACTIVE_ARCH = YES;
				SDKROOT = iphoneos;
			};
			name = Debug;
		};
		4543C1181F77BC7200C8307B /* Release */ = {
			isa = XCBuildConfiguration;
			buildSettings = {
				ALWAYS_SEARCH_USER_PATHS = NO;
				CLANG_ANALYZER_NONNULL = YES;
				CLANG_ANALYZER_NUMBER_OBJECT_CONVERSION = YES_AGGRESSIVE;
				CLANG_CXX_LANGUAGE_STANDARD = "gnu++0x";
				CLANG_CXX_LIBRARY = "libc++";
				CLANG_ENABLE_MODULES = YES;
				CLANG_ENABLE_OBJC_ARC = YES;
				CLANG_WARN_BOOL_CONVERSION = YES;
				CLANG_WARN_CONSTANT_CONVERSION = YES;
				CLANG_WARN_DIRECT_OBJC_ISA_USAGE = YES_ERROR;
				CLANG_WARN_DOCUMENTATION_COMMENTS = YES;
				CLANG_WARN_EMPTY_BODY = YES;
				CLANG_WARN_ENUM_CONVERSION = YES;
				CLANG_WARN_INFINITE_RECURSION = YES;
				CLANG_WARN_INT_CONVERSION = YES;
				CLANG_WARN_OBJC_ROOT_CLASS = YES_ERROR;
				CLANG_WARN_SUSPICIOUS_MOVE = YES;
				CLANG_WARN_UNREACHABLE_CODE = YES;
				CLANG_WARN__DUPLICATE_METHOD_MATCH = YES;
				"CODE_SIGN_IDENTITY[sdk=iphoneos*]" = "iPhone Developer";
				COPY_PHASE_STRIP = NO;
				DEBUG_INFORMATION_FORMAT = "dwarf-with-dsym";
				ENABLE_NS_ASSERTIONS = NO;
				ENABLE_STRICT_OBJC_MSGSEND = YES;
				GCC_C_LANGUAGE_STANDARD = gnu99;
				GCC_NO_COMMON_BLOCKS = YES;
				GCC_WARN_64_TO_32_BIT_CONVERSION = YES;
				GCC_WARN_ABOUT_RETURN_TYPE = YES_ERROR;
				GCC_WARN_UNDECLARED_SELECTOR = YES;
				GCC_WARN_UNINITIALIZED_AUTOS = YES_AGGRESSIVE;
				GCC_WARN_UNUSED_FUNCTION = YES;
				GCC_WARN_UNUSED_VARIABLE = YES;
				IPHONEOS_DEPLOYMENT_TARGET = 10.3;
				MTL_ENABLE_DEBUG_INFO = NO;
				SDKROOT = iphoneos;
				VALIDATE_PRODUCT = YES;
			};
			name = Release;
		};
		4543C11A1F77BC7200C8307B /* Debug */ = {
			isa = XCBuildConfiguration;
			baseConfigurationReference = 6BB9B8DE97CBD83586BB7777 /* Pods-OCNetWork.debug.xcconfig */;
			buildSettings = {
				ASSETCATALOG_COMPILER_APPICON_NAME = AppIcon;
				DEVELOPMENT_TEAM = N4ZC7WBUL7;
				INFOPLIST_FILE = OCNetWork/Info.plist;
				LD_RUNPATH_SEARCH_PATHS = "$(inherited) @executable_path/Frameworks";
				PRODUCT_BUNDLE_IDENTIFIER = com.Shixi.OCNetWork;
				PRODUCT_NAME = "$(TARGET_NAME)";
			};
			name = Debug;
		};
		4543C11B1F77BC7200C8307B /* Release */ = {
			isa = XCBuildConfiguration;
			baseConfigurationReference = 7FE8271D7E5DAFDAB3341CCD /* Pods-OCNetWork.release.xcconfig */;
			buildSettings = {
				ASSETCATALOG_COMPILER_APPICON_NAME = AppIcon;
				DEVELOPMENT_TEAM = N4ZC7WBUL7;
				INFOPLIST_FILE = OCNetWork/Info.plist;
				LD_RUNPATH_SEARCH_PATHS = "$(inherited) @executable_path/Frameworks";
				PRODUCT_BUNDLE_IDENTIFIER = com.Shixi.OCNetWork;
				PRODUCT_NAME = "$(TARGET_NAME)";
			};
			name = Release;
		};
/* End XCBuildConfiguration section */

/* Begin XCConfigurationList section */
		4543C0FD1F77BC7200C8307B /* Build configuration list for PBXProject "OCNetWork" */ = {
			isa = XCConfigurationList;
			buildConfigurations = (
				4543C1171F77BC7200C8307B /* Debug */,
				4543C1181F77BC7200C8307B /* Release */,
			);
			defaultConfigurationIsVisible = 0;
			defaultConfigurationName = Release;
		};
		4543C1191F77BC7200C8307B /* Build configuration list for PBXNativeTarget "OCNetWork" */ = {
			isa = XCConfigurationList;
			buildConfigurations = (
				4543C11A1F77BC7200C8307B /* Debug */,
				4543C11B1F77BC7200C8307B /* Release */,
			);
			defaultConfigurationIsVisible = 0;
			defaultConfigurationName = Release;
		};
/* End XCConfigurationList section */
	};
	rootObject = 4543C0FA1F77BC7200C8307B /* Project object */;
}
